
Microsoft Visual Studio Solution File, Format Version 12.00
# Visual Studio Version 16
VisualStudioVersion = 16.0.31702.278
MinimumVisualStudioVersion = 10.0.40219.1
Project("{FAE04EC0-301F-11D3-BF4B-00C04F79EFBC}") = "KitanoUserService.API", "KitanoUserService.API\KitanoUserService.API.csproj", "{C0A919F2-5EB3-4664-8569-C071DD5038AD}"
EndProject
Global
	GlobalSection(SolutionConfigurationPlatforms) = preSolution
		Debug|Any CPU = Debug|Any CPU
		Release|Any CPU = Release|Any CPU
	EndGlobalSection
	GlobalSection(ProjectConfigurationPlatforms) = postSolution
		{C0A919F2-5EB3-4664-8569-C071DD5038AD}.Debug|Any CPU.ActiveCfg = Debug|Any CPU
		{C0A919F2-5EB3-4664-8569-C071DD5038AD}.Debug|Any CPU.Build.0 = Debug|Any CPU
		{C0A919F2-5EB3-4664-8569-C071DD5038AD}.Release|Any CPU.ActiveCfg = Release|Any CPU
		{C0A919F2-5EB3-4664-8569-C071DD5038AD}.Release|Any CPU.Build.0 = Release|Any CPU
	EndGlobalSection
	GlobalSection(SolutionProperties) = preSolution
		HideSolutionNode = FALSE
	EndGlobalSection
	GlobalSection(ExtensibilityGlobals) = postSolution
		SolutionGuid = {0A809287-4CA8-4647-932A-F96BF8CF0D70}
	EndGlobalSection
EndGlobal
